// !$*UTF8*$!
{
	archiveVersion = 1;
	classes = {
	};
	objectVersion = 46;
	objects = {

/* Begin PBXBuildFile section */
		36D879451E0C5A880055A92A /* AppDelegate.swift in Sources */ = {isa = PBXBuildFile; fileRef = 36D879441E0C5A880055A92A /* AppDelegate.swift */; };
		36D879471E0C5A880055A92A /* ViewController.swift in Sources */ = {isa = PBXBuildFile; fileRef = 36D879461E0C5A880055A92A /* ViewController.swift */; };
		36D8794A1E0C5A880055A92A /* Main.storyboard in Resources */ = {isa = PBXBuildFile; fileRef = 36D879481E0C5A880055A92A /* Main.storyboard */; };
		36D8794C1E0C5A880055A92A /* Assets.xcassets in Resources */ = {isa = PBXBuildFile; fileRef = 36D8794B1E0C5A880055A92A /* Assets.xcassets */; };
		36D8794F1E0C5A880055A92A /* LaunchScreen.storyboard in Resources */ = {isa = PBXBuildFile; fileRef = 36D8794D1E0C5A880055A92A /* LaunchScreen.storyboard */; };
		36D8795A1E0C5A880055A92A /* ToggleCameraViewTests.swift in Sources */ = {isa = PBXBuildFile; fileRef = 36D879591E0C5A880055A92A /* ToggleCameraViewTests.swift */; };
		36D879651E0C5A880055A92A /* ToggleCameraViewUITests.swift in Sources */ = {isa = PBXBuildFile; fileRef = 36D879641E0C5A880055A92A /* ToggleCameraViewUITests.swift */; };
/* End PBXBuildFile section */

/* Begin PBXContainerItemProxy section */
		36D879561E0C5A880055A92A /* PBXContainerItemProxy */ = {
			isa = PBXContainerItemProxy;
			containerPortal = 36D879391E0C5A880055A92A /* Project object */;
			proxyType = 1;
			remoteGlobalIDString = 36D879401E0C5A880055A92A;
			remoteInfo = ToggleCameraView;
		};
		36D879611E0C5A880055A92A /* PBXContainerItemProxy */ = {
			isa = PBXContainerItemProxy;
			containerPortal = 36D879391E0C5A880055A92A /* Project object */;
			proxyType = 1;
			remoteGlobalIDString = 36D879401E0C5A880055A92A;
			remoteInfo = ToggleCameraView;
		};
/* End PBXContainerItemProxy section */

/* Begin PBXFileReference section */
		36D879411E0C5A880055A92A /* ToggleCameraView.app */ = {isa = PBXFileReference; explicitFileType = wrapper.application; includeInIndex = 0; path = ToggleCameraView.app; sourceTree = BUILT_PRODUCTS_DIR; };
		36D879441E0C5A880055A92A /* AppDelegate.swift */ = {isa = PBXFileReference; lastKnownFileType = sourcecode.swift; path = AppDelegate.swift; sourceTree = "<group>"; };
		36D879461E0C5A880055A92A /* ViewController.swift */ = {isa = PBXFileReference; lastKnownFileType = sourcecode.swift; path = ViewController.swift; sourceTree = "<group>"; };
		36D879491E0C5A880055A92A /* Base */ = {isa = PBXFileReference; lastKnownFileType = file.storyboard; name = Base; path = Base.lproj/Main.storyboard; sourceTree = "<group>"; };
		36D8794B1E0C5A880055A92A /* Assets.xcassets */ = {isa = PBXFileReference; lastKnownFileType = folder.assetcatalog; path = Assets.xcassets; sourceTree = "<group>"; };
		36D8794E1E0C5A880055A92A /* Base */ = {isa = PBXFileReference; lastKnownFileType = file.storyboard; name = Base; path = Base.lproj/LaunchScreen.storyboard; sourceTree = "<group>"; };
		36D879501E0C5A880055A92A /* Info.plist */ = {isa = PBXFileReference; lastKnownFileType = text.plist.xml; path = Info.plist; sourceTree = "<group>"; };
		36D879551E0C5A880055A92A /* ToggleCameraViewTests.xctest */ = {isa = PBXFileReference; explicitFileType = wrapper.cfbundle; includeInIndex = 0; path = ToggleCameraViewTests.xctest; sourceTree = BUILT_PRODUCTS_DIR; };
		36D879591E0C5A880055A92A /* ToggleCameraViewTests.swift */ = {isa = PBXFileReference; lastKnownFileType = sourcecode.swift; path = ToggleCameraViewTests.swift; sourceTree = "<group>"; };
		36D8795B1E0C5A880055A92A /* Info.plist */ = {isa = PBXFileReference; lastKnownFileType = text.plist.xml; path = Info.plist; sourceTree = "<group>"; };
		36D879601E0C5A880055A92A /* ToggleCameraViewUITests.xctest */ = {isa = PBXFileReference; explicitFileType = wrapper.cfbundle; includeInIndex = 0; path = ToggleCameraViewUITests.xctest; sourceTree = BUILT_PRODUCTS_DIR; };
		36D879641E0C5A880055A92A /* ToggleCameraViewUITests.swift */ = {isa = PBXFileReference; lastKnownFileType = sourcecode.swift; path = ToggleCameraViewUITests.swift; sourceTree = "<group>"; };
		36D879661E0C5A880055A92A /* Info.plist */ = {isa = PBXFileReference; lastKnownFileType = text.plist.xml; path = Info.plist; sourceTree = "<group>"; };
/* End PBXFileReference section */

/* Begin PBXFrameworksBuildPhase section */
		36D8793E1E0C5A880055A92A /* Frameworks */ = {
			isa = PBXFrameworksBuildPhase;
			buildActionMask = 2147483647;
			files = (
			);
			runOnlyForDeploymentPostprocessing = 0;
		};
		36D879521E0C5A880055A92A /* Frameworks */ = {
			isa = PBXFrameworksBuildPhase;
			buildActionMask = 2147483647;
			files = (
			);
			runOnlyForDeploymentPostprocessing = 0;
		};
		36D8795D1E0C5A880055A92A /* Frameworks */ = {
			isa = PBXFrameworksBuildPhase;
			buildActionMask = 2147483647;
			files = (
			);
			runOnlyForDeploymentPostprocessing = 0;
		};
/* End PBXFrameworksBuildPhase section */

/* Begin PBXGroup section */
		36D879381E0C5A880055A92A = {
			isa = PBXGroup;
			children = (
				36D879431E0C5A880055A92A /* ToggleCameraView */,
				36D879581E0C5A880055A92A /* ToggleCameraViewTests */,
				36D879631E0C5A880055A92A /* ToggleCameraViewUITests */,
				36D879421E0C5A880055A92A /* Products */,
			);
			sourceTree = "<group>";
		};
		36D879421E0C5A880055A92A /* Products */ = {
			isa = PBXGroup;
			children = (
				36D879411E0C5A880055A92A /* ToggleCameraView.app */,
				36D879551E0C5A880055A92A /* ToggleCameraViewTests.xctest */,
				36D879601E0C5A880055A92A /* ToggleCameraViewUITests.xctest */,
			);
			name = Products;
			sourceTree = "<group>";
		};
		36D879431E0C5A880055A92A /* ToggleCameraView */ = {
			isa = PBXGroup;
			children = (
				36D879441E0C5A880055A92A /* AppDelegate.swift */,
				36D879461E0C5A880055A92A /* ViewController.swift */,
				36D879481E0C5A880055A92A /* Main.storyboard */,
				36D8794B1E0C5A880055A92A /* Assets.xcassets */,
				36D8794D1E0C5A880055A92A /* LaunchScreen.storyboard */,
				36D879501E0C5A880055A92A /* Info.plist */,
			);
			path = ToggleCameraView;
			sourceTree = "<group>";
		};
		36D879581E0C5A880055A92A /* ToggleCameraViewTests */ = {
			isa = PBXGroup;
			children = (
				36D879591E0C5A880055A92A /* ToggleCameraViewTests.swift */,
				36D8795B1E0C5A880055A92A /* Info.plist */,
			);
			path = ToggleCameraViewTests;
			sourceTree = "<group>";
		};
		36D879631E0C5A880055A92A /* ToggleCameraViewUITests */ = {
			isa = PBXGroup;
			children = (
				36D879641E0C5A880055A92A /* ToggleCameraViewUITests.swift */,
				36D879661E0C5A880055A92A /* Info.plist */,
			);
			path = ToggleCameraViewUITests;
			sourceTree = "<group>";
		};
/* End PBXGroup section */

/* Begin PBXNativeTarget section */
		36D879401E0C5A880055A92A /* ToggleCameraView */ = {
			isa = PBXNativeTarget;
			buildConfigurationList = 36D879691E0C5A880055A92A /* Build configuration list for PBXNativeTarget "ToggleCameraView" */;
			buildPhases = (
				36D8793D1E0C5A880055A92A /* Sources */,
				36D8793E1E0C5A880055A92A /* Frameworks */,
				36D8793F1E0C5A880055A92A /* Resources */,
			);
			buildRules = (
			);
			dependencies = (
			);
			name = ToggleCameraView;
			productName = ToggleCameraView;
			productReference = 36D879411E0C5A880055A92A /* ToggleCameraView.app */;
			productType = "com.apple.product-type.application";
		};
		36D879541E0C5A880055A92A /* ToggleCameraViewTests */ = {
			isa = PBXNativeTarget;
			buildConfigurationList = 36D8796C1E0C5A880055A92A /* Build configuration list for PBXNativeTarget "ToggleCameraViewTests" */;
			buildPhases = (
				36D879511E0C5A880055A92A /* Sources */,
				36D879521E0C5A880055A92A /* Frameworks */,
				36D879531E0C5A880055A92A /* Resources */,
			);
			buildRules = (
			);
			dependencies = (
				36D879571E0C5A880055A92A /* PBXTargetDependency */,
			);
			name = ToggleCameraViewTests;
			productName = ToggleCameraViewTests;
			productReference = 36D879551E0C5A880055A92A /* ToggleCameraViewTests.xctest */;
			productType = "com.apple.product-type.bundle.unit-test";
		};
		36D8795F1E0C5A880055A92A /* ToggleCameraViewUITests */ = {
			isa = PBXNativeTarget;
			buildConfigurationList = 36D8796F1E0C5A880055A92A /* Build configuration list for PBXNativeTarget "ToggleCameraViewUITests" */;
			buildPhases = (
				36D8795C1E0C5A880055A92A /* Sources */,
				36D8795D1E0C5A880055A92A /* Frameworks */,
				36D8795E1E0C5A880055A92A /* Resources */,
			);
			buildRules = (
			);
			dependencies = (
				36D879621E0C5A880055A92A /* PBXTargetDependency */,
			);
			name = ToggleCameraViewUITests;
			productName = ToggleCameraViewUITests;
			productReference = 36D879601E0C5A880055A92A /* ToggleCameraViewUITests.xctest */;
			productType = "com.apple.product-type.bundle.ui-testing";
		};
/* End PBXNativeTarget section */

/* Begin PBXProject section */
		36D879391E0C5A880055A92A /* Project object */ = {
			isa = PBXProject;
			attributes = {
				LastSwiftUpdateCheck = 0820;
				LastUpgradeCheck = 0820;
				ORGANIZATIONNAME = "Tyler Angert";
				TargetAttributes = {
					36D879401E0C5A880055A92A = {
						CreatedOnToolsVersion = 8.2;
						DevelopmentTeam = 8TWVWBQE3T;
						ProvisioningStyle = Automatic;
					};
					36D879541E0C5A880055A92A = {
						CreatedOnToolsVersion = 8.2;
						DevelopmentTeam = 8TWVWBQE3T;
						ProvisioningStyle = Automatic;
						TestTargetID = 36D879401E0C5A880055A92A;
					};
					36D8795F1E0C5A880055A92A = {
						CreatedOnToolsVersion = 8.2;
						DevelopmentTeam = 8TWVWBQE3T;
						ProvisioningStyle = Automatic;
						TestTargetID = 36D879401E0C5A880055A92A;
					};
				};
			};
			buildConfigurationList = 36D8793C1E0C5A880055A92A /* Build configuration list for PBXProject "ToggleCameraView" */;
			compatibilityVersion = "Xcode 3.2";
			developmentRegion = English;
			hasScannedForEncodings = 0;
			knownRegions = (
				en,
				Base,
			);
			mainGroup = 36D879381E0C5A880055A92A;
			productRefGroup = 36D879421E0C5A880055A92A /* Products */;
			projectDirPath = "";
			projectRoot = "";
			targets = (
				36D879401E0C5A880055A92A /* ToggleCameraView */,
				36D879541E0C5A880055A92A /* ToggleCameraViewTests */,
				36D8795F1E0C5A880055A92A /* ToggleCameraViewUITests */,
			);
		};
/* End PBXProject section */

/* Begin PBXResourcesBuildPhase section */
		36D8793F1E0C5A880055A92A /* Resources */ = {
			isa = PBXResourcesBuildPhase;
			buildActionMask = 2147483647;
			files = (
				36D8794F1E0C5A880055A92A /* LaunchScreen.storyboard in Resources */,
				36D8794C1E0C5A880055A92A /* Assets.xcassets in Resources */,
				36D8794A1E0C5A880055A92A /* Main.storyboard in Resources */,
			);
			runOnlyForDeploymentPostprocessing = 0;
		};
		36D879531E0C5A880055A92A /* Resources */ = {
			isa = PBXResourcesBuildPhase;
			buildActionMask = 2147483647;
			files = (
			);
			runOnlyForDeploymentPostprocessing = 0;
		};
		36D8795E1E0C5A880055A92A /* Resources */ = {
			isa = PBXResourcesBuildPhase;
			buildActionMask = 2147483647;
			files = (
			);
			runOnlyForDeploymentPostprocessing = 0;
		};
/* End PBXResourcesBuildPhase section */

/* Begin PBXSourcesBuildPhase section */
		36D8793D1E0C5A880055A92A /* Sources */ = {
			isa = PBXSourcesBuildPhase;
			buildActionMask = 2147483647;
			files = (
				36D879471E0C5A880055A92A /* ViewController.swift in Sources */,
				36D879451E0C5A880055A92A /* AppDelegate.swift in Sources */,
			);
			runOnlyForDeploymentPostprocessing = 0;
		};
		36D879511E0C5A880055A92A /* Sources */ = {
			isa = PBXSourcesBuildPhase;
			buildActionMask = 2147483647;
			files = (
				36D8795A1E0C5A880055A92A /* ToggleCameraViewTests.swift in Sources */,
			);
			runOnlyForDeploymentPostprocessing = 0;
		};
		36D8795C1E0C5A880055A92A /* Sources */ = {
			isa = PBXSourcesBuildPhase;
			buildActionMask = 2147483647;
			files = (
				36D879651E0C5A880055A92A /* ToggleCameraViewUITests.swift in Sources */,
			);
			runOnlyForDeploymentPostprocessing = 0;
		};
/* End PBXSourcesBuildPhase section */

/* Begin PBXTargetDependency section */
		36D879571E0C5A880055A92A /* PBXTargetDependency */ = {
			isa = PBXTargetDependency;
			target = 36D879401E0C5A880055A92A /* ToggleCameraView */;
			targetProxy = 36D879561E0C5A880055A92A /* PBXContainerItemProxy */;
		};
		36D879621E0C5A880055A92A /* PBXTargetDependency */ = {
			isa = PBXTargetDependency;
			target = 36D879401E0C5A880055A92A /* ToggleCameraView */;
			targetProxy = 36D879611E0C5A880055A92A /* PBXContainerItemProxy */;
		};
/* End PBXTargetDependency section */

/* Begin PBXVariantGroup section */
		36D879481E0C5A880055A92A /* Main.storyboard */ = {
			isa = PBXVariantGroup;
			children = (
				36D879491E0C5A880055A92A /* Base */,
			);
			name = Main.storyboard;
			sourceTree = "<group>";
		};
		36D8794D1E0C5A880055A92A /* LaunchScreen.storyboard */ = {
			isa = PBXVariantGroup;
			children = (
				36D8794E1E0C5A880055A92A /* Base */,
			);
			name = LaunchScreen.storyboard;
			sourceTree = "<group>";
		};
/* End PBXVariantGroup section */

/* Begin XCBuildConfiguration section */
		36D879671E0C5A880055A92A /* Debug */ = {
			isa = XCBuildConfiguration;
			buildSettings = {
				ALWAYS_SEARCH_USER_PATHS = NO;
				CLANG_ANALYZER_NONNULL = YES;
				CLANG_CXX_LANGUAGE_STANDARD = "gnu++0x";
				CLANG_CXX_LIBRARY = "libc++";
				CLANG_ENABLE_MODULES = YES;
				CLANG_ENABLE_OBJC_ARC = YES;
				CLANG_WARN_BOOL_CONVERSION = YES;
				CLANG_WARN_CONSTANT_CONVERSION = YES;
				CLANG_WARN_DIRECT_OBJC_ISA_USAGE = YES_ERROR;
				CLANG_WARN_DOCUMENTATION_COMMENTS = YES;
				CLANG_WARN_EMPTY_BODY = YES;
				CLANG_WARN_ENUM_CONVERSION = YES;
				CLANG_WARN_INFINITE_RECURSION = YES;
				CLANG_WARN_INT_CONVERSION = YES;
				CLANG_WARN_OBJC_ROOT_CLASS = YES_ERROR;
				CLANG_WARN_SUSPICIOUS_MOVE = YES;
				CLANG_WARN_UNREACHABLE_CODE = YES;
				CLANG_WARN__DUPLICATE_METHOD_MATCH = YES;
				"CODE_SIGN_IDENTITY[sdk=iphoneos*]" = "iPhone Developer";
				COPY_PHASE_STRIP = NO;
				DEBUG_INFORMATION_FORMAT = dwarf;
				ENABLE_STRICT_OBJC_MSGSEND = YES;
				ENABLE_TESTABILITY = YES;
				GCC_C_LANGUAGE_STANDARD = gnu99;
				GCC_DYNAMIC_NO_PIC = NO;
				GCC_NO_COMMON_BLOCKS = YES;
				GCC_OPTIMIZATION_LEVEL = 0;
				GCC_PREPROCESSOR_DEFINITIONS = (
					"DEBUG=1",
					"$(inherited)",
				);
				GCC_WARN_64_TO_32_BIT_CONVERSION = YES;
				GCC_WARN_ABOUT_RETURN_TYPE = YES_ERROR;
				GCC_WARN_UNDECLARED_SELECTOR = YES;
				GCC_WARN_UNINITIALIZED_AUTOS = YES_AGGRESSIVE;
				GCC_WARN_UNUSED_FUNCTION = YES;
				GCC_WARN_UNUSED_VARIABLE = YES;
				IPHONEOS_DEPLOYMENT_TARGET = 10.2;
				MTL_ENABLE_DEBUG_INFO = YES;
				ONLY_ACTIVE_ARCH = YES;
				SDKROOT = iphoneos;
				SWIFT_ACTIVE_COMPILATION_CONDITIONS = DEBUG;
				SWIFT_OPTIMIZATION_LEVEL = "-Onone";
				TARGETED_DEVICE_FAMILY = "1,2";
			};
			name = Debug;
		};
		36D879681E0C5A880055A92A /* Release */ = {
			isa = XCBuildConfiguration;
			buildSettings = {
				ALWAYS_SEARCH_USER_PATHS = NO;
				CLANG_ANALYZER_NONNULL = YES;
				CLANG_CXX_LANGUAGE_STANDARD = "gnu++0x";
				CLANG_CXX_LIBRARY = "libc++";
				CLANG_ENABLE_MODULES = YES;
				CLANG_ENABLE_OBJC_ARC = YES;
				CLANG_WARN_BOOL_CONVERSION = YES;
				CLANG_WARN_CONSTANT_CONVERSION = YES;
				CLANG_WARN_DIRECT_OBJC_ISA_USAGE = YES_ERROR;
				CLANG_WARN_DOCUMENTATION_COMMENTS = YES;
				CLANG_WARN_EMPTY_BODY = YES;
				CLANG_WARN_ENUM_CONVERSION = YES;
				CLANG_WARN_INFINITE_RECURSION = YES;
				CLANG_WARN_INT_CONVERSION = YES;
				CLANG_WARN_OBJC_ROOT_CLASS = YES_ERROR;
				CLANG_WARN_SUSPICIOUS_MOVE = YES;
				CLANG_WARN_UNREACHABLE_CODE = YES;
				CLANG_WARN__DUPLICATE_METHOD_MATCH = YES;
				"CODE_SIGN_IDENTITY[sdk=iphoneos*]" = "iPhone Developer";
				COPY_PHASE_STRIP = NO;
				DEBUG_INFORMATION_FORMAT = "dwarf-with-dsym";
				ENABLE_NS_ASSERTIONS = NO;
				ENABLE_STRICT_OBJC_MSGSEND = YES;
				GCC_C_LANGUAGE_STANDARD = gnu99;
				GCC_NO_COMMON_BLOCKS = YES;
				GCC_WARN_64_TO_32_BIT_CONVERSION = YES;
				GCC_WARN_ABOUT_RETURN_TYPE = YES_ERROR;
				GCC_WARN_UNDECLARED_SELECTOR = YES;
				GCC_WARN_UNINITIALIZED_AUTOS = YES_AGGRESSIVE;
				GCC_WARN_UNUSED_FUNCTION = YES;
				GCC_WARN_UNUSED_VARIABLE = YES;
				IPHONEOS_DEPLOYMENT_TARGET = 10.2;
				MTL_ENABLE_DEBUG_INFO = NO;
				SDKROOT = iphoneos;
				SWIFT_OPTIMIZATION_LEVEL = "-Owholemodule";
				TARGETED_DEVICE_FAMILY = "1,2";
				VALIDATE_PRODUCT = YES;
			};
			name = Release;
		};
		36D8796A1E0C5A880055A92A /* Debug */ = {
			isa = XCBuildConfiguration;
			buildSettings = {
				ASSETCATALOG_COMPILER_APPICON_NAME = AppIcon;
				DEVELOPMENT_TEAM = 8TWVWBQE3T;
				INFOPLIST_FILE = ToggleCameraView/Info.plist;
				LD_RUNPATH_SEARCH_PATHS = "$(inherited) @executable_path/Frameworks";
				PRODUCT_BUNDLE_IDENTIFIER = tangert.ToggleCameraView;
				PRODUCT_NAME = "$(TARGET_NAME)";
				SWIFT_VERSION = 3.0;
			};
			name = Debug;
		};
		36D8796B1E0C5A880055A92A /* Release */ = {
			isa = XCBuildConfiguration;
			buildSettings = {
				ASSETCATALOG_COMPILER_APPICON_NAME = AppIcon;
				DEVELOPMENT_TEAM = 8TWVWBQE3T;
				INFOPLIST_FILE = ToggleCameraView/Info.plist;
				LD_RUNPATH_SEARCH_PATHS = "$(inherited) @executable_path/Frameworks";
				PRODUCT_BUNDLE_IDENTIFIER = tangert.ToggleCameraView;
				PRODUCT_NAME = "$(TARGET_NAME)";
				SWIFT_VERSION = 3.0;
			};
			name = Release;
		};
		36D8796D1E0C5A880055A92A /* Debug */ = {
			isa = XCBuildConfiguration;
			buildSettings = {
				ALWAYS_EMBED_SWIFT_STANDARD_LIBRARIES = YES;
				BUNDLE_LOADER = "$(TEST_HOST)";
				DEVELOPMENT_TEAM = 8TWVWBQE3T;
				INFOPLIST_FILE = ToggleCameraViewTests/Info.plist;
				LD_RUNPATH_SEARCH_PATHS = "$(inherited) @executable_path/Frameworks @loader_path/Frameworks";
				PRODUCT_BUNDLE_IDENTIFIER = tangert.ToggleCameraViewTests;
				PRODUCT_NAME = "$(TARGET_NAME)";
				SWIFT_VERSION = 3.0;
				TEST_HOST = "$(BUILT_PRODUCTS_DIR)/ToggleCameraView.app/ToggleCameraView";
			};
			name = Debug;
		};
		36D8796E1E0C5A880055A92A /* Release */ = {
			isa = XCBuildConfiguration;
			buildSettings = {
				ALWAYS_EMBED_SWIFT_STANDARD_LIBRARIES = YES;
				BUNDLE_LOADER = "$(TEST_HOST)";
				DEVELOPMENT_TEAM = 8TWVWBQE3T;
				INFOPLIST_FILE = ToggleCameraViewTests/Info.plist;
				LD_RUNPATH_SEARCH_PATHS = "$(inherited) @executable_path/Frameworks @loader_path/Frameworks";
				PRODUCT_BUNDLE_IDENTIFIER = tangert.ToggleCameraViewTests;
				PRODUCT_NAME = "$(TARGET_NAME)";
				SWIFT_VERSION = 3.0;
				TEST_HOST = "$(BUILT_PRODUCTS_DIR)/ToggleCameraView.app/ToggleCameraView";
			};
			name = Release;
		};
		36D879701E0C5A880055A92A /* Debug */ = {
			isa = XCBuildConfiguration;
			buildSettings = {
				ALWAYS_EMBED_SWIFT_STANDARD_LIBRARIES = YES;
				DEVELOPMENT_TEAM = 8TWVWBQE3T;
				INFOPLIST_FILE = ToggleCameraViewUITests/Info.plist;
				LD_RUNPATH_SEARCH_PATHS = "$(inherited) @executable_path/Frameworks @loader_path/Frameworks";
				PRODUCT_BUNDLE_IDENTIFIER = tangert.ToggleCameraViewUITests;
				PRODUCT_NAME = "$(TARGET_NAME)";
				SWIFT_VERSION = 3.0;
				TEST_TARGET_NAME = ToggleCameraView;
			};
			name = Debug;
		};
		36D879711E0C5A880055A92A /* Release */ = {
			isa = XCBuildConfiguration;
			buildSettings = {
				ALWAYS_EMBED_SWIFT_STANDARD_LIBRARIES = YES;
				DEVELOPMENT_TEAM = 8TWVWBQE3T;
				INFOPLIST_FILE = ToggleCameraViewUITests/Info.plist;
				LD_RUNPATH_SEARCH_PATHS = "$(inherited) @executable_path/Frameworks @loader_path/Frameworks";
				PRODUCT_BUNDLE_IDENTIFIER = tangert.ToggleCameraViewUITests;
				PRODUCT_NAME = "$(TARGET_NAME)";
				SWIFT_VERSION = 3.0;
				TEST_TARGET_NAME = ToggleCameraView;
			};
			name = Release;
		};
/* End XCBuildConfiguration section */

/* Begin XCConfigurationList section */
		36D8793C1E0C5A880055A92A /* Build configuration list for PBXProject "ToggleCameraView" */ = {
			isa = XCConfigurationList;
			buildConfigurations = (
				36D879671E0C5A880055A92A /* Debug */,
				36D879681E0C5A880055A92A /* Release */,
			);
			defaultConfigurationIsVisible = 0;
			defaultConfigurationName = Release;
		};
		36D879691E0C5A880055A92A /* Build configuration list for PBXNativeTarget "ToggleCameraView" */ = {
			isa = XCConfigurationList;
			buildConfigurations = (
				36D8796A1E0C5A880055A92A /* Debug */,
				36D8796B1E0C5A880055A92A /* Release */,
			);
			defaultConfigurationIsVisible = 0;
		};
		36D8796C1E0C5A880055A92A /* Build configuration list for PBXNativeTarget "ToggleCameraViewTests" */ = {
			isa = XCConfigurationList;
			buildConfigurations = (
				36D8796D1E0C5A880055A92A /* Debug */,
				36D8796E1E0C5A880055A92A /* Release */,
			);
			defaultConfigurationIsVisible = 0;
		};
		36D8796F1E0C5A880055A92A /* Build configuration list for PBXNativeTarget "ToggleCameraViewUITests" */ = {
			isa = XCConfigurationList;
			buildConfigurations = (
				36D879701E0C5A880055A92A /* Debug */,
				36D879711E0C5A880055A92A /* Release */,
			);
			defaultConfigurationIsVisible = 0;
		};
/* End XCConfigurationList section */
	};
	rootObject = 36D879391E0C5A880055A92A /* Project object */;
}
